Microsoft Visual Studio Solution File, Format Version 12.00
# Visual Studio Version 17
VisualStudioVersion = 17.5.2.0
MinimumVisualStudioVersion = 10.0.40219.1
Project("{FAE04EC0-301F-11D3-BF4B-00C04F79EFBC}") = "eGestion360Web", "eGestion360Web.csproj", "{BE2B637A-7C80-F865-FE1E-DCBD37E2F08D}"
EndProject
Global
	GlobalSection(SolutionConfigurationPlatforms) = preSolution
		Debug|Any CPU = Debug|Any CPU
		Release|Any CPU = Release|Any CPU
	EndGlobalSection
	GlobalSection(ProjectConfigurationPlatforms) = postSolution
		{BE2B637A-7C80-F865-FE1E-DCBD37E2F08D}.Debug|Any CPU.ActiveCfg = Debug|Any CPU
		{BE2B637A-7C80-F865-FE1E-DCBD37E2F08D}.Debug|Any CPU.Build.0 = Debug|Any CPU
		{BE2B637A-7C80-F865-FE1E-DCBD37E2F08D}.Release|Any CPU.ActiveCfg = Release|Any CPU
		{BE2B637A-7C80-F865-FE1E-DCBD37E2F08D}.Release|Any CPU.Build.0 = Release|Any CPU
	EndGlobalSection
	GlobalSection(SolutionProperties) = preSolution
		HideSolutionNode = FALSE
	EndGlobalSection
	GlobalSection(ExtensibilityGlobals) = postSolution
		SolutionGuid = {FEADCA5C-3242-4553-8FF1-F01DB2413FEC}
	EndGlobalSection
EndGlobal
